PODS:
  - BAFluidView (0.2.3)
  - SnapKit (3.2.0)

DEPENDENCIES:
  - BAFluidView
  - SnapKit (~> 3.2.0)

SPEC CHECKSUMS:
  BAFluidView: 5d84ef109831b97740f75b6d785e51f13fa08398
  SnapKit: 1ca44df72cfa543218d177cb8aab029d10d86ea7

PODFILE CHECKSUM: b493ac9276dd0d85653625c7616ce56d23597f01

COCOAPODS: 1.2.0
